// !$*UTF8*$!
{
	archiveVersion = 1;
	classes = {
	};
	objectVersion = 46;
	objects = {

/* Begin PBXBuildFile section */
		3A0578071F2DB6CA00D06505 /* AppDelegate.swift in Sources */ = {isa = PBXBuildFile; fileRef = 3A0578061F2DB6CA00D06505 /* AppDelegate.swift */; };
		3A0578091F2DB6CA00D06505 /* ViewController.swift in Sources */ = {isa = PBXBuildFile; fileRef = 3A0578081F2DB6CA00D06505 /* ViewController.swift */; };
		3A05780C1F2DB6CA00D06505 /* Main.storyboard in Resources */ = {isa = PBXBuildFile; fileRef = 3A05780A1F2DB6CA00D06505 /* Main.storyboard */; };
		3A05780E1F2DB6CA00D06505 /* Assets.xcassets in Resources */ = {isa = PBXBuildFile; fileRef = 3A05780D1F2DB6CA00D06505 /* Assets.xcassets */; };
		3A0578111F2DB6CA00D06505 /* LaunchScreen.storyboard in Resources */ = {isa = PBXBuildFile; fileRef = 3A05780F1F2DB6CA00D06505 /* LaunchScreen.storyboard */; };
		3A05781C1F2DB6CA00D06505 /* FriesOrNotTests.swift in Sources */ = {isa = PBXBuildFile; fileRef = 3A05781B1F2DB6CA00D06505 /* FriesOrNotTests.swift */; };
		3A0578271F2DBDBB00D06505 /* CustomVisionResult.swift in Sources */ = {isa = PBXBuildFile; fileRef = 3A0578261F2DBDBB00D06505 /* CustomVisionResult.swift */; };
		3A05782B1F2EEF1500D06505 /* CustomVisionService.swift in Sources */ = {isa = PBXBuildFile; fileRef = 3A05782A1F2EEF1500D06505 /* CustomVisionService.swift */; };
/* End PBXBuildFile section */

/* Begin PBXContainerItemProxy section */
		3A0578181F2DB6CA00D06505 /* PBXContainerItemProxy */ = {
			isa = PBXContainerItemProxy;
			containerPortal = 3A0577FB1F2DB6CA00D06505 /* Project object */;
			proxyType = 1;
			remoteGlobalIDString = 3A0578021F2DB6CA00D06505;
			remoteInfo = FriesOrNot;
		};
/* End PBXContainerItemProxy section */

/* Begin PBXFileReference section */
		3A0578031F2DB6CA00D06505 /* FriesOrNot.app */ = {isa = PBXFileReference; explicitFileType = wrapper.application; includeInIndex = 0; path = FriesOrNot.app; sourceTree = BUILT_PRODUCTS_DIR; };
		3A0578061F2DB6CA00D06505 /* AppDelegate.swift */ = {isa = PBXFileReference; lastKnownFileType = sourcecode.swift; path = AppDelegate.swift; sourceTree = "<group>"; };
		3A0578081F2DB6CA00D06505 /* ViewController.swift */ = {isa = PBXFileReference; lastKnownFileType = sourcecode.swift; path = ViewController.swift; sourceTree = "<group>"; };
		3A05780B1F2DB6CA00D06505 /* Base */ = {isa = PBXFileReference; lastKnownFileType = file.storyboard; name = Base; path = Base.lproj/Main.storyboard; sourceTree = "<group>"; };
		3A05780D1F2DB6CA00D06505 /* Assets.xcassets */ = {isa = PBXFileReference; lastKnownFileType = folder.assetcatalog; path = Assets.xcassets; sourceTree = "<group>"; };
		3A0578101F2DB6CA00D06505 /* Base */ = {isa = PBXFileReference; lastKnownFileType = file.storyboard; name = Base; path = Base.lproj/LaunchScreen.storyboard; sourceTree = "<group>"; };
		3A0578121F2DB6CA00D06505 /* Info.plist */ = {isa = PBXFileReference; lastKnownFileType = text.plist.xml; path = Info.plist; sourceTree = "<group>"; };
		3A0578171F2DB6CA00D06505 /* FriesOrNotTests.xctest */ = {isa = PBXFileReference; explicitFileType = wrapper.cfbundle; includeInIndex = 0; path = FriesOrNotTests.xctest; sourceTree = BUILT_PRODUCTS_DIR; };
		3A05781B1F2DB6CA00D06505 /* FriesOrNotTests.swift */ = {isa = PBXFileReference; lastKnownFileType = sourcecode.swift; path = FriesOrNotTests.swift; sourceTree = "<group>"; };
		3A05781D1F2DB6CA00D06505 /* Info.plist */ = {isa = PBXFileReference; lastKnownFileType = text.plist.xml; path = Info.plist; sourceTree = "<group>"; };
		3A0578261F2DBDBB00D06505 /* CustomVisionResult.swift */ = {isa = PBXFileReference; fileEncoding = 4; lastKnownFileType = sourcecode.swift; path = CustomVisionResult.swift; sourceTree = "<group>"; };
		3A05782A1F2EEF1500D06505 /* CustomVisionService.swift */ = {isa = PBXFileReference; fileEncoding = 4; lastKnownFileType = sourcecode.swift; path = CustomVisionService.swift; sourceTree = "<group>"; };
/* End PBXFileReference section */

/* Begin PBXFrameworksBuildPhase section */
		3A0578001F2DB6CA00D06505 /* Frameworks */ = {
			isa = PBXFrameworksBuildPhase;
			buildActionMask = 2147483647;
			files = (
			);
			runOnlyForDeploymentPostprocessing = 0;
		};
		3A0578141F2DB6CA00D06505 /* Frameworks */ = {
			isa = PBXFrameworksBuildPhase;
			buildActionMask = 2147483647;
			files = (
			);
			runOnlyForDeploymentPostprocessing = 0;
		};
/* End PBXFrameworksBuildPhase section */

/* Begin PBXGroup section */
		3A0577FA1F2DB6CA00D06505 = {
			isa = PBXGroup;
			children = (
				3A0578051F2DB6CA00D06505 /* FriesOrNot */,
				3A05781A1F2DB6CA00D06505 /* FriesOrNotTests */,
				3A0578041F2DB6CA00D06505 /* Products */,
			);
			sourceTree = "<group>";
		};
		3A0578041F2DB6CA00D06505 /* Products */ = {
			isa = PBXGroup;
			children = (
				3A0578031F2DB6CA00D06505 /* FriesOrNot.app */,
				3A0578171F2DB6CA00D06505 /* FriesOrNotTests.xctest */,
			);
			name = Products;
			sourceTree = "<group>";
		};
		3A0578051F2DB6CA00D06505 /* FriesOrNot */ = {
			isa = PBXGroup;
			children = (
				3A0578061F2DB6CA00D06505 /* AppDelegate.swift */,
				3A0578081F2DB6CA00D06505 /* ViewController.swift */,
				3A05780A1F2DB6CA00D06505 /* Main.storyboard */,
				3A05780D1F2DB6CA00D06505 /* Assets.xcassets */,
				3A05780F1F2DB6CA00D06505 /* LaunchScreen.storyboard */,
				3A0578121F2DB6CA00D06505 /* Info.plist */,
				3A0578261F2DBDBB00D06505 /* CustomVisionResult.swift */,
				3A05782A1F2EEF1500D06505 /* CustomVisionService.swift */,
			);
			path = FriesOrNot;
			sourceTree = "<group>";
		};
		3A05781A1F2DB6CA00D06505 /* FriesOrNotTests */ = {
			isa = PBXGroup;
			children = (
				3A05781B1F2DB6CA00D06505 /* FriesOrNotTests.swift */,
				3A05781D1F2DB6CA00D06505 /* Info.plist */,
			);
			path = FriesOrNotTests;
			sourceTree = "<group>";
		};
/* End PBXGroup section */

/* Begin PBXNativeTarget section */
		3A0578021F2DB6CA00D06505 /* FriesOrNot */ = {
			isa = PBXNativeTarget;
			buildConfigurationList = 3A0578201F2DB6CA00D06505 /* Build configuration list for PBXNativeTarget "FriesOrNot" */;
			buildPhases = (
				3A0577FF1F2DB6CA00D06505 /* Sources */,
				3A0578001F2DB6CA00D06505 /* Frameworks */,
				3A0578011F2DB6CA00D06505 /* Resources */,
			);
			buildRules = (
			);
			dependencies = (
			);
			name = FriesOrNot;
			productName = FriesOrNot;
			productReference = 3A0578031F2DB6CA00D06505 /* FriesOrNot.app */;
			productType = "com.apple.product-type.application";
		};
		3A0578161F2DB6CA00D06505 /* FriesOrNotTests */ = {
			isa = PBXNativeTarget;
			buildConfigurationList = 3A0578231F2DB6CA00D06505 /* Build configuration list for PBXNativeTarget "FriesOrNotTests" */;
			buildPhases = (
				3A0578131F2DB6CA00D06505 /* Sources */,
				3A0578141F2DB6CA00D06505 /* Frameworks */,
				3A0578151F2DB6CA00D06505 /* Resources */,
			);
			buildRules = (
			);
			dependencies = (
				3A0578191F2DB6CA00D06505 /* PBXTargetDependency */,
			);
			name = FriesOrNotTests;
			productName = FriesOrNotTests;
			productReference = 3A0578171F2DB6CA00D06505 /* FriesOrNotTests.xctest */;
			productType = "com.apple.product-type.bundle.unit-test";
		};
/* End PBXNativeTarget section */

/* Begin PBXProject section */
		3A0577FB1F2DB6CA00D06505 /* Project object */ = {
			isa = PBXProject;
			attributes = {
				LastSwiftUpdateCheck = 0830;
				LastUpgradeCheck = 0830;
				ORGANIZATIONNAME = "Drew Robbins";
				TargetAttributes = {
					3A0578021F2DB6CA00D06505 = {
						CreatedOnToolsVersion = 8.3.3;
						DevelopmentTeam = 9N3CM53XMC;
						ProvisioningStyle = Automatic;
					};
					3A0578161F2DB6CA00D06505 = {
						CreatedOnToolsVersion = 8.3.3;
						DevelopmentTeam = 9N3CM53XMC;
						ProvisioningStyle = Automatic;
						TestTargetID = 3A0578021F2DB6CA00D06505;
					};
				};
			};
			buildConfigurationList = 3A0577FE1F2DB6CA00D06505 /* Build configuration list for PBXProject "FriesOrNot" */;
			compatibilityVersion = "Xcode 3.2";
			developmentRegion = English;
			hasScannedForEncodings = 0;
			knownRegions = (
				en,
				Base,
			);
			mainGroup = 3A0577FA1F2DB6CA00D06505;
			productRefGroup = 3A0578041F2DB6CA00D06505 /* Products */;
			projectDirPath = "";
			projectRoot = "";
			targets = (
				3A0578021F2DB6CA00D06505 /* FriesOrNot */,
				3A0578161F2DB6CA00D06505 /* FriesOrNotTests */,
			);
		};
/* End PBXProject section */

/* Begin PBXResourcesBuildPhase section */
		3A0578011F2DB6CA00D06505 /* Resources */ = {
			isa = PBXResourcesBuildPhase;
			buildActionMask = 2147483647;
			files = (
				3A0578111F2DB6CA00D06505 /* LaunchScreen.storyboard in Resources */,
				3A05780E1F2DB6CA00D06505 /* Assets.xcassets in Resources */,
				3A05780C1F2DB6CA00D06505 /* Main.storyboard in Resources */,
			);
			runOnlyForDeploymentPostprocessing = 0;
		};
		3A0578151F2DB6CA00D06505 /* Resources */ = {
			isa = PBXResourcesBuildPhase;
			buildActionMask = 2147483647;
			files = (
			);
			runOnlyForDeploymentPostprocessing = 0;
		};
/* End PBXResourcesBuildPhase section */

/* Begin PBXSourcesBuildPhase section */
		3A0577FF1F2DB6CA00D06505 /* Sources */ = {
			isa = PBXSourcesBuildPhase;
			buildActionMask = 2147483647;
			files = (
				3A05782B1F2EEF1500D06505 /* CustomVisionService.swift in Sources */,
				3A0578271F2DBDBB00D06505 /* CustomVisionResult.swift in Sources */,
				3A0578091F2DB6CA00D06505 /* ViewController.swift in Sources */,
				3A0578071F2DB6CA00D06505 /* AppDelegate.swift in Sources */,
			);
			runOnlyForDeploymentPostprocessing = 0;
		};
		3A0578131F2DB6CA00D06505 /* Sources */ = {
			isa = PBXSourcesBuildPhase;
			buildActionMask = 2147483647;
			files = (
				3A05781C1F2DB6CA00D06505 /* FriesOrNotTests.swift in Sources */,
			);
			runOnlyForDeploymentPostprocessing = 0;
		};
/* End PBXSourcesBuildPhase section */

/* Begin PBXTargetDependency section */
		3A0578191F2DB6CA00D06505 /* PBXTargetDependency */ = {
			isa = PBXTargetDependency;
			target = 3A0578021F2DB6CA00D06505 /* FriesOrNot */;
			targetProxy = 3A0578181F2DB6CA00D06505 /* PBXContainerItemProxy */;
		};
/* End PBXTargetDependency section */

/* Begin PBXVariantGroup section */
		3A05780A1F2DB6CA00D06505 /* Main.storyboard */ = {
			isa = PBXVariantGroup;
			children = (
				3A05780B1F2DB6CA00D06505 /* Base */,
			);
			name = Main.storyboard;
			sourceTree = "<group>";
		};
		3A05780F1F2DB6CA00D06505 /* LaunchScreen.storyboard */ = {
			isa = PBXVariantGroup;
			children = (
				3A0578101F2DB6CA00D06505 /* Base */,
			);
			name = LaunchScreen.storyboard;
			sourceTree = "<group>";
		};
/* End PBXVariantGroup section */

/* Begin XCBuildConfiguration section */
		3A05781E1F2DB6CA00D06505 /* Debug */ = {
			isa = XCBuildConfiguration;
			buildSettings = {
				ALWAYS_SEARCH_USER_PATHS = NO;
				CLANG_ANALYZER_NONNULL = YES;
				CLANG_ANALYZER_NUMBER_OBJECT_CONVERSION = YES_AGGRESSIVE;
				CLANG_CXX_LANGUAGE_STANDARD = "gnu++0x";
				CLANG_CXX_LIBRARY = "libc++";
				CLANG_ENABLE_MODULES = YES;
				CLANG_ENABLE_OBJC_ARC = YES;
				CLANG_WARN_BOOL_CONVERSION = YES;
				CLANG_WARN_CONSTANT_CONVERSION = YES;
				CLANG_WARN_DIRECT_OBJC_ISA_USAGE = YES_ERROR;
				CLANG_WARN_DOCUMENTATION_COMMENTS = YES;
				CLANG_WARN_EMPTY_BODY = YES;
				CLANG_WARN_ENUM_CONVERSION = YES;
				CLANG_WARN_INFINITE_RECURSION = YES;
				CLANG_WARN_INT_CONVERSION = YES;
				CLANG_WARN_OBJC_ROOT_CLASS = YES_ERROR;
				CLANG_WARN_SUSPICIOUS_MOVE = YES;
				CLANG_WARN_UNREACHABLE_CODE = YES;
				CLANG_WARN__DUPLICATE_METHOD_MATCH = YES;
				"CODE_SIGN_IDENTITY[sdk=iphoneos*]" = "iPhone Developer";
				COPY_PHASE_STRIP = NO;
				DEBUG_INFORMATION_FORMAT = dwarf;
				ENABLE_STRICT_OBJC_MSGSEND = YES;
				ENABLE_TESTABILITY = YES;
				GCC_C_LANGUAGE_STANDARD = gnu99;
				GCC_DYNAMIC_NO_PIC = NO;
				GCC_NO_COMMON_BLOCKS = YES;
				GCC_OPTIMIZATION_LEVEL = 0;
				GCC_PREPROCESSOR_DEFINITIONS = (
					"DEBUG=1",
					"$(inherited)",
				);
				GCC_WARN_64_TO_32_BIT_CONVERSION = YES;
				GCC_WARN_ABOUT_RETURN_TYPE = YES_ERROR;
				GCC_WARN_UNDECLARED_SELECTOR = YES;
				GCC_WARN_UNINITIALIZED_AUTOS = YES_AGGRESSIVE;
				GCC_WARN_UNUSED_FUNCTION = YES;
				GCC_WARN_UNUSED_VARIABLE = YES;
				IPHONEOS_DEPLOYMENT_TARGET = 10.3;
				MTL_ENABLE_DEBUG_INFO = YES;
				ONLY_ACTIVE_ARCH = YES;
				SDKROOT = iphoneos;
				SWIFT_ACTIVE_COMPILATION_CONDITIONS = DEBUG;
				SWIFT_OPTIMIZATION_LEVEL = "-Onone";
				TARGETED_DEVICE_FAMILY = "1,2";
			};
			name = Debug;
		};
		3A05781F1F2DB6CA00D06505 /* Release */ = {
			isa = XCBuildConfiguration;
			buildSettings = {
				ALWAYS_SEARCH_USER_PATHS = NO;
				CLANG_ANALYZER_NONNULL = YES;
				CLANG_ANALYZER_NUMBER_OBJECT_CONVERSION = YES_AGGRESSIVE;
				CLANG_CXX_LANGUAGE_STANDARD = "gnu++0x";
				CLANG_CXX_LIBRARY = "libc++";
				CLANG_ENABLE_MODULES = YES;
				CLANG_ENABLE_OBJC_ARC = YES;
				CLANG_WARN_BOOL_CONVERSION = YES;
				CLANG_WARN_CONSTANT_CONVERSION = YES;
				CLANG_WARN_DIRECT_OBJC_ISA_USAGE = YES_ERROR;
				CLANG_WARN_DOCUMENTATION_COMMENTS = YES;
				CLANG_WARN_EMPTY_BODY = YES;
				CLANG_WARN_ENUM_CONVERSION = YES;
				CLANG_WARN_INFINITE_RECURSION = YES;
				CLANG_WARN_INT_CONVERSION = YES;
				CLANG_WARN_OBJC_ROOT_CLASS = YES_ERROR;
				CLANG_WARN_SUSPICIOUS_MOVE = YES;
				CLANG_WARN_UNREACHABLE_CODE = YES;
				CLANG_WARN__DUPLICATE_METHOD_MATCH = YES;
				"CODE_SIGN_IDENTITY[sdk=iphoneos*]" = "iPhone Developer";
				COPY_PHASE_STRIP = NO;
				DEBUG_INFORMATION_FORMAT = "dwarf-with-dsym";
				ENABLE_NS_ASSERTIONS = NO;
				ENABLE_STRICT_OBJC_MSGSEND = YES;
				GCC_C_LANGUAGE_STANDARD = gnu99;
				GCC_NO_COMMON_BLOCKS = YES;
				GCC_WARN_64_TO_32_BIT_CONVERSION = YES;
				GCC_WARN_ABOUT_RETURN_TYPE = YES_ERROR;
				GCC_WARN_UNDECLARED_SELECTOR = YES;
				GCC_WARN_UNINITIALIZED_AUTOS = YES_AGGRESSIVE;
				GCC_WARN_UNUSED_FUNCTION = YES;
				GCC_WARN_UNUSED_VARIABLE = YES;
				IPHONEOS_DEPLOYMENT_TARGET = 10.3;
				MTL_ENABLE_DEBUG_INFO = NO;
				SDKROOT = iphoneos;
				SWIFT_OPTIMIZATION_LEVEL = "-Owholemodule";
				TARGETED_DEVICE_FAMILY = "1,2";
				VALIDATE_PRODUCT = YES;
			};
			name = Release;
		};
		3A0578211F2DB6CA00D06505 /* Debug */ = {
			isa = XCBuildConfiguration;
			buildSettings = {
				ASSETCATALOG_COMPILER_APPICON_NAME = AppIcon;
				DEVELOPMENT_TEAM = 9N3CM53XMC;
				INFOPLIST_FILE = FriesOrNot/Info.plist;
				LD_RUNPATH_SEARCH_PATHS = "$(inherited) @executable_path/Frameworks";
				PRODUCT_BUNDLE_IDENTIFIER = com.drewby.FriesOrNot;
				PRODUCT_NAME = "$(TARGET_NAME)";
				SWIFT_VERSION = 3.0;
			};
			name = Debug;
		};
		3A0578221F2DB6CA00D06505 /* Release */ = {
			isa = XCBuildConfiguration;
			buildSettings = {
				ASSETCATALOG_COMPILER_APPICON_NAME = AppIcon;
				DEVELOPMENT_TEAM = 9N3CM53XMC;
				INFOPLIST_FILE = FriesOrNot/Info.plist;
				LD_RUNPATH_SEARCH_PATHS = "$(inherited) @executable_path/Frameworks";
				PRODUCT_BUNDLE_IDENTIFIER = com.drewby.FriesOrNot;
				PRODUCT_NAME = "$(TARGET_NAME)";
				SWIFT_VERSION = 3.0;
			};
			name = Release;
		};
		3A0578241F2DB6CA00D06505 /* Debug */ = {
			isa = XCBuildConfiguration;
			buildSettings = {
				ALWAYS_EMBED_SWIFT_STANDARD_LIBRARIES = YES;
				BUNDLE_LOADER = "$(TEST_HOST)";
				DEVELOPMENT_TEAM = 9N3CM53XMC;
				INFOPLIST_FILE = FriesOrNotTests/Info.plist;
				LD_RUNPATH_SEARCH_PATHS = "$(inherited) @executable_path/Frameworks @loader_path/Frameworks";
				PRODUCT_BUNDLE_IDENTIFIER = com.drewby.FriesOrNotTests;
				PRODUCT_NAME = "$(TARGET_NAME)";
				SWIFT_VERSION = 3.0;
				TEST_HOST = "$(BUILT_PRODUCTS_DIR)/FriesOrNot.app/FriesOrNot";
			};
			name = Debug;
		};
		3A0578251F2DB6CA00D06505 /* Release */ = {
			isa = XCBuildConfiguration;
			buildSettings = {
				ALWAYS_EMBED_SWIFT_STANDARD_LIBRARIES = YES;
				BUNDLE_LOADER = "$(TEST_HOST)";
				DEVELOPMENT_TEAM = 9N3CM53XMC;
				INFOPLIST_FILE = FriesOrNotTests/Info.plist;
				LD_RUNPATH_SEARCH_PATHS = "$(inherited) @executable_path/Frameworks @loader_path/Frameworks";
				PRODUCT_BUNDLE_IDENTIFIER = com.drewby.FriesOrNotTests;
				PRODUCT_NAME = "$(TARGET_NAME)";
				SWIFT_VERSION = 3.0;
				TEST_HOST = "$(BUILT_PRODUCTS_DIR)/FriesOrNot.app/FriesOrNot";
			};
			name = Release;
		};
/* End XCBuildConfiguration section */

/* Begin XCConfigurationList section */
		3A0577FE1F2DB6CA00D06505 /* Build configuration list for PBXProject "FriesOrNot" */ = {
			isa = XCConfigurationList;
			buildConfigurations = (
				3A05781E1F2DB6CA00D06505 /* Debug */,
				3A05781F1F2DB6CA00D06505 /* Release */,
			);
			defaultConfigurationIsVisible = 0;
			defaultConfigurationName = Release;
		};
		3A0578201F2DB6CA00D06505 /* Build configuration list for PBXNativeTarget "FriesOrNot" */ = {
			isa = XCConfigurationList;
			buildConfigurations = (
				3A0578211F2DB6CA00D06505 /* Debug */,
				3A0578221F2DB6CA00D06505 /* Release */,
			);
			defaultConfigurationIsVisible = 0;
			defaultConfigurationName = Release;
		};
		3A0578231F2DB6CA00D06505 /* Build configuration list for PBXNativeTarget "FriesOrNotTests" */ = {
			isa = XCConfigurationList;
			buildConfigurations = (
				3A0578241F2DB6CA00D06505 /* Debug */,
				3A0578251F2DB6CA00D06505 /* Release */,
			);
			defaultConfigurationIsVisible = 0;
			defaultConfigurationName = Release;
		};
/* End XCConfigurationList section */
	};
	rootObject = 3A0577FB1F2DB6CA00D06505 /* Project object */;
}
